# This is a Gradle generated file for dependency locking.
# Manual edits can break the build and are not advised.
# This file is expected to be part of source control.
ch.qos.logback.contrib:logback-jackson:0.1.5=compileClasspath,runtimeClasspath,testCompileClasspath,testRuntimeClasspath
ch.qos.logback.contrib:logback-json-classic:0.1.5=compileClasspath,runtimeClasspath,testCompileClasspath,testRuntimeClasspath
ch.qos.logback.contrib:logback-json-core:0.1.5=compileClasspath,runtimeClasspath,testCompileClasspath,testRuntimeClasspath
ch.qos.logback:logback-classic:1.5.32=compileClasspath,runtimeClasspath,testCompileClasspath,testRuntimeClasspath
ch.qos.logback:logback-core:1.5.32=compileClasspath,runtimeClasspath,testCompileClasspath,testRuntimeClasspath
com.charleskorn.kaml:kaml-jvm:0.68.0=compileClasspath,runtimeClasspath,testCompileClasspath,testRuntimeClasspath
com.charleskorn.kaml:kaml:0.68.0=compileClasspath,runtimeClasspath,testCompileClasspath,testRuntimeClasspath
com.github.ajalt.clikt:clikt-jvm:4.4.0=compileClasspath,runtimeClasspath,testCompileClasspath,testRuntimeClasspath
com.github.ajalt.clikt:clikt:4.4.0=compileClasspath,runtimeClasspath,testCompileClasspath,testRuntimeClasspath
com.github.ajalt.colormath:colormath-jvm:3.5.0=compileClasspath,runtimeClasspath,testCompileClasspath,testRuntimeClasspath
com.github.ajalt.colormath:colormath:3.5.0=compileClasspath,runtimeClasspath,testCompileClasspath,testRuntimeClasspath
com.github.ajalt.mordant:mordant-jvm:2.5.0=compileClasspath,runtimeClasspath,testCompileClasspath,testRuntimeClasspath
com.github.ajalt.mordant:mordant:2.5.0=compileClasspath,runtimeClasspath,testCompileClasspath,testRuntimeClasspath
com.squareup.okio:okio-jvm:3.9.1=runtimeClasspath,testRuntimeClasspath
com.squareup.okio:okio:3.9.1=runtimeClasspath,testRuntimeClasspath
dev.drewhamilton.poko:poko-annotations-jvm:0.17.1=detekt
dev.drewhamilton.poko:poko-annotations:0.17.1=detekt
io.github.davidburstrom.contester:contester-breakpoint:0.2.0=detekt
io.github.detekt.sarif4k:sarif4k-jvm:0.6.0=detekt
io.github.detekt.sarif4k:sarif4k:0.6.0=detekt
io.github.java-diff-utils:java-diff-utils:4.12=kotlinInternalAbiValidation
io.github.oshai:kotlin-logging-jvm:8.0.01=compileClasspath,runtimeClasspath,testCompileClasspath,testRuntimeClasspath
io.gitlab.arturbosch.detekt:detekt-api:1.23.8=detekt
io.gitlab.arturbosch.detekt:detekt-cli:1.23.8=detekt
io.gitlab.arturbosch.detekt:detekt-core:1.23.8=detekt
io.gitlab.arturbosch.detekt:detekt-metrics:1.23.8=detekt
io.gitlab.arturbosch.detekt:detekt-parser:1.23.8=detekt
io.gitlab.arturbosch.detekt:detekt-psi-utils:1.23.8=detekt
io.gitlab.arturbosch.detekt:detekt-report-html:1.23.8=detekt
io.gitlab.arturbosch.detekt:detekt-report-md:1.23.8=detekt
io.gitlab.arturbosch.detekt:detekt-report-sarif:1.23.8=detekt
io.gitlab.arturbosch.detekt:detekt-report-txt:1.23.8=detekt
io.gitlab.arturbosch.detekt:detekt-report-xml:1.23.8=detekt
io.gitlab.arturbosch.detekt:detekt-rules-complexity:1.23.8=detekt
io.gitlab.arturbosch.detekt:detekt-rules-coroutines:1.23.8=detekt
io.gitlab.arturbosch.detekt:detekt-rules-documentation:1.23.8=detekt
io.gitlab.arturbosch.detekt:detekt-rules-empty:1.23.8=detekt
io.gitlab.arturbosch.detekt:detekt-rules-errorprone:1.23.8=detekt
io.gitlab.arturbosch.detekt:detekt-rules-exceptions:1.23.8=detekt
io.gitlab.arturbosch.detekt:detekt-rules-naming:1.23.8=detekt
io.gitlab.arturbosch.detekt:detekt-rules-performance:1.23.8=detekt
io.gitlab.arturbosch.detekt:detekt-rules-style:1.23.8=detekt
io.gitlab.arturbosch.detekt:detekt-rules:1.23.8=detekt
io.gitlab.arturbosch.detekt:detekt-tooling:1.23.8=detekt
io.gitlab.arturbosch.detekt:detekt-utils:1.23.8=detekt
io.ktor:ktor-client-cio-jvm:3.5.0=runtimeClasspath,testRuntimeClasspath
io.ktor:ktor-client-cio:3.5.0=runtimeClasspath,testRuntimeClasspath
io.ktor:ktor-client-content-negotiation-jvm:3.5.0=runtimeClasspath,testRuntimeClasspath
io.ktor:ktor-client-content-negotiation:3.5.0=runtimeClasspath,testRuntimeClasspath
io.ktor:ktor-client-core-jvm:3.5.0=runtimeClasspath,testRuntimeClasspath
io.ktor:ktor-client-core:3.5.0=runtimeClasspath,testRuntimeClasspath
io.ktor:ktor-events-jvm:3.5.0=runtimeClasspath,testRuntimeClasspath
io.ktor:ktor-events:3.5.0=runtimeClasspath,testRuntimeClasspath
io.ktor:ktor-http-cio-jvm:3.5.0=runtimeClasspath,testRuntimeClasspath
io.ktor:ktor-http-cio:3.5.0=runtimeClasspath,testRuntimeClasspath
io.ktor:ktor-http-jvm:3.5.0=runtimeClasspath,testRuntimeClasspath
io.ktor:ktor-http:3.5.0=runtimeClasspath,testRuntimeClasspath
io.ktor:ktor-io-jvm:3.5.0=runtimeClasspath,testRuntimeClasspath
io.ktor:ktor-io:3.5.0=runtimeClasspath,testRuntimeClasspath
io.ktor:ktor-network-jvm:3.5.0=runtimeClasspath,testRuntimeClasspath
io.ktor:ktor-network-tls-jvm:3.5.0=runtimeClasspath,testRuntimeClasspath
io.ktor:ktor-network-tls:3.5.0=runtimeClasspath,testRuntimeClasspath
io.ktor:ktor-network:3.5.0=runtimeClasspath,testRuntimeClasspath
io.ktor:ktor-serialization-jvm:3.5.0=runtimeClasspath,testRuntimeClasspath
io.ktor:ktor-serialization-kotlinx-json-jvm:3.5.0=runtimeClasspath,testRuntimeClasspath
io.ktor:ktor-serialization-kotlinx-jvm:3.5.0=runtimeClasspath,testRuntimeClasspath
io.ktor:ktor-serialization-kotlinx:3.5.0=runtimeClasspath,testRuntimeClasspath
io.ktor:ktor-serialization:3.5.0=runtimeClasspath,testRuntimeClasspath
io.ktor:ktor-sse-jvm:3.5.0=runtimeClasspath,testRuntimeClasspath
io.ktor:ktor-sse:3.5.0=runtimeClasspath,testRuntimeClasspath
io.ktor:ktor-utils-jvm:3.5.0=runtimeClasspath,testRuntimeClasspath
io.ktor:ktor-utils:3.5.0=runtimeClasspath,testRuntimeClasspath
io.ktor:ktor-websocket-serialization-jvm:3.5.0=runtimeClasspath,testRuntimeClasspath
io.ktor:ktor-websocket-serialization:3.5.0=runtimeClasspath,testRuntimeClasspath
io.ktor:ktor-websockets-jvm:3.5.0=runtimeClasspath,testRuntimeClasspath
io.ktor:ktor-websockets:3.5.0=runtimeClasspath,testRuntimeClasspath
io.mockk:mockk-agent-api-jvm:1.14.9=testCompileClasspath,testRuntimeClasspath
io.mockk:mockk-agent-api:1.14.9=testCompileClasspath,testRuntimeClasspath
io.mockk:mockk-agent-jvm:1.14.9=testCompileClasspath,testRuntimeClasspath
io.mockk:mockk-agent:1.14.9=testCompileClasspath,testRuntimeClasspath
io.mockk:mockk-core-jvm:1.14.9=testCompileClasspath,testRuntimeClasspath
io.mockk:mockk-core:1.14.9=testCompileClasspath,testRuntimeClasspath
io.mockk:mockk-dsl-jvm:1.14.9=testCompileClasspath,testRuntimeClasspath
io.mockk:mockk-dsl:1.14.9=testCompileClasspath,testRuntimeClasspath
io.mockk:mockk-jvm:1.14.9=testCompileClasspath,testRuntimeClasspath
io.mockk:mockk:1.14.9=testCompileClasspath,testRuntimeClasspath
it.krzeminski:snakeyaml-engine-kmp-jvm:3.0.3=runtimeClasspath,testRuntimeClasspath
it.krzeminski:snakeyaml-engine-kmp:3.0.3=runtimeClasspath,testRuntimeClasspath
it.unimi.dsi:fastutil-core:8.5.12=runtimeClasspath,testRuntimeClasspath
net.bytebuddy:byte-buddy-agent:1.18.2=testCompileClasspath,testRuntimeClasspath
net.bytebuddy:byte-buddy:1.18.2=testCompileClasspath,testRuntimeClasspath
net.java.dev.jna:jna:5.14.0=runtimeClasspath,testRuntimeClasspath
net.thauvin.erik.urlencoder:urlencoder-lib-jvm:1.6.0=runtimeClasspath,testRuntimeClasspath
net.thauvin.erik.urlencoder:urlencoder-lib:1.6.0=runtimeClasspath,testRuntimeClasspath
org.apiguardian:apiguardian-api:1.1.2=testCompileClasspath
org.jcommander:jcommander:1.85=detekt
org.jetbrains.intellij.deps:trove4j:1.0.20200330=detekt
org.jetbrains.kotlin:abi-tools-api:2.3.20=kotlinInternalAbiValidation
org.jetbrains.kotlin:abi-tools:2.3.20=kotlinInternalAbiValidation
org.jetbrains.kotlin:kotlin-build-tools-api:2.4.0=kotlinAbiValidationCompatClasspath,kotlinBuildToolsApiClasspath,kotlinCompilerClasspath,kotlinKlibCommonizerClasspath
org.jetbrains.kotlin:kotlin-build-tools-compat:2.4.0=kotlinAbiValidationCompatClasspath,kotlinBuildToolsApiClasspath,kotlinCompilerClasspath
org.jetbrains.kotlin:kotlin-build-tools-cri-impl:2.4.0=kotlinAbiValidationCompatClasspath,kotlinBuildToolsApiClasspath,kotlinCompilerClasspath
org.jetbrains.kotlin:kotlin-build-tools-impl:2.4.0=kotlinAbiValidationCompatClasspath,kotlinBuildToolsApiClasspath,kotlinCompilerClasspath
org.jetbrains.kotlin:kotlin-compiler-embeddable:2.0.21=detekt
org.jetbrains.kotlin:kotlin-compiler-embeddable:2.4.0=kotlinAbiValidationCompatClasspath,kotlinBuildToolsApiClasspath,kotlinCompilerClasspath,kotlinKlibCommonizerClasspath
org.jetbrains.kotlin:kotlin-compiler-runner:2.4.0=kotlinAbiValidationCompatClasspath,kotlinBuildToolsApiClasspath,kotlinCompilerClasspath
org.jetbrains.kotlin:kotlin-daemon-client:2.4.0=kotlinAbiValidationCompatClasspath,kotlinBuildToolsApiClasspath,kotlinCompilerClasspath
org.jetbrains.kotlin:kotlin-daemon-embeddable:2.0.21=detekt
org.jetbrains.kotlin:kotlin-daemon-embeddable:2.4.0=kotlinAbiValidationCompatClasspath,kotlinBuildToolsApiClasspath,kotlinCompilerClasspath,kotlinKlibCommonizerClasspath
org.jetbrains.kotlin:kotlin-klib-abi-reader:2.3.20=kotlinInternalAbiValidation
org.jetbrains.kotlin:kotlin-klib-commonizer-embeddable:2.4.0=kotlinKlibCommonizerClasspath
org.jetbrains.kotlin:kotlin-metadata-jvm:2.3.20=kotlinInternalAbiValidation
org.jetbrains.kotlin:kotlin-reflect:1.6.10=kotlinAbiValidationCompatClasspath,kotlinBuildToolsApiClasspath,kotlinCompilerClasspath,kotlinKlibCommonizerClasspath
org.jetbrains.kotlin:kotlin-reflect:2.0.21=detekt
org.jetbrains.kotlin:kotlin-reflect:2.2.21=testRuntimeClasspath
org.jetbrains.kotlin:kotlin-script-runtime:2.0.21=detekt
org.jetbrains.kotlin:kotlin-script-runtime:2.4.0=kotlinAbiValidationCompatClasspath,kotlinBuildToolsApiClasspath,kotlinCompilerClasspath,kotlinCompilerPluginClasspathMain,kotlinCompilerPluginClasspathTest,kotlinKlibCommonizerClasspath
org.jetbrains.kotlin:kotlin-scripting-common:2.4.0=kotlinCompilerPluginClasspathMain,kotlinCompilerPluginClasspathTest
org.jetbrains.kotlin:kotlin-scripting-compiler-embeddable:2.4.0=kotlinCompilerPluginClasspathMain,kotlinCompilerPluginClasspathTest
org.jetbrains.kotlin:kotlin-scripting-compiler-impl-embeddable:2.4.0=kotlinCompilerPluginClasspathMain,kotlinCompilerPluginClasspathTest
org.jetbrains.kotlin:kotlin-scripting-jvm:2.4.0=kotlinCompilerPluginClasspathMain,kotlinCompilerPluginClasspathTest
org.jetbrains.kotlin:kotlin-serialization-compiler-plugin-embeddable:2.4.0=kotlinCompilerPluginClasspathMain,kotlinCompilerPluginClasspathTest
org.jetbrains.kotlin:kotlin-stdlib-common:2.0.21=detekt
org.jetbrains.kotlin:kotlin-stdlib-jdk7:1.8.0=detekt
org.jetbrains.kotlin:kotlin-stdlib-jdk8:1.8.0=detekt
org.jetbrains.kotlin:kotlin-stdlib:2.0.21=detekt
org.jetbrains.kotlin:kotlin-stdlib:2.3.20=kotlinInternalAbiValidation
org.jetbrains.kotlin:kotlin-stdlib:2.4.0=compileClasspath,kotlinAbiValidationCompatClasspath,kotlinBuildToolsApiClasspath,kotlinCompilerClasspath,kotlinCompilerPluginClasspathMain,kotlinCompilerPluginClasspathTest,kotlinKlibCommonizerClasspath,runtimeClasspath,testCompileClasspath,testRuntimeClasspath
org.jetbrains.kotlin:kotlin-test-junit5:2.4.0=testCompileClasspath,testRuntimeClasspath
org.jetbrains.kotlin:kotlin-test:2.4.0=testCompileClasspath,testRuntimeClasspath
org.jetbrains.kotlin:kotlin-tooling-core:2.4.0=kotlinAbiValidationCompatClasspath,kotlinBuildToolsApiClasspath,kotlinCompilerClasspath
org.jetbrains.kotlinx:kotlinx-coroutines-bom:1.11.0=compileClasspath,runtimeClasspath,testCompileClasspath,testRuntimeClasspath
org.jetbrains.kotlinx:kotlinx-coroutines-core-jvm:1.11.0=compileClasspath,runtimeClasspath,testCompileClasspath,testRuntimeClasspath
org.jetbrains.kotlinx:kotlinx-coroutines-core-jvm:1.6.4=detekt
org.jetbrains.kotlinx:kotlinx-coroutines-core-jvm:1.8.0=kotlinAbiValidationCompatClasspath,kotlinBuildToolsApiClasspath,kotlinCompilerClasspath,kotlinKlibCommonizerClasspath
org.jetbrains.kotlinx:kotlinx-coroutines-core:1.11.0=compileClasspath,runtimeClasspath,testCompileClasspath,testRuntimeClasspath
org.jetbrains.kotlinx:kotlinx-coroutines-slf4j:1.11.0=runtimeClasspath,testRuntimeClasspath
org.jetbrains.kotlinx:kotlinx-coroutines-test-jvm:1.11.0=testCompileClasspath,testRuntimeClasspath
org.jetbrains.kotlinx:kotlinx-coroutines-test:1.11.0=testCompileClasspath,testRuntimeClasspath
org.jetbrains.kotlinx:kotlinx-datetime-jvm:0.7.1=compileClasspath,runtimeClasspath,testCompileClasspath,testRuntimeClasspath
org.jetbrains.kotlinx:kotlinx-datetime:0.7.1=compileClasspath,runtimeClasspath,testCompileClasspath,testRuntimeClasspath
org.jetbrains.kotlinx:kotlinx-html-jvm:0.8.1=detekt
org.jetbrains.kotlinx:kotlinx-io-bytestring-jvm:0.9.0=compileClasspath,runtimeClasspath,testCompileClasspath,testRuntimeClasspath
org.jetbrains.kotlinx:kotlinx-io-bytestring:0.9.0=compileClasspath,runtimeClasspath,testCompileClasspath,testRuntimeClasspath
org.jetbrains.kotlinx:kotlinx-io-core-jvm:0.9.0=compileClasspath,runtimeClasspath,testCompileClasspath,testRuntimeClasspath
org.jetbrains.kotlinx:kotlinx-io-core:0.9.0=compileClasspath,runtimeClasspath,testCompileClasspath,testRuntimeClasspath
org.jetbrains.kotlinx:kotlinx-serialization-bom:1.10.0=compileClasspath,testCompileClasspath
org.jetbrains.kotlinx:kotlinx-serialization-bom:1.11.0=runtimeClasspath,testRuntimeClasspath
org.jetbrains.kotlinx:kotlinx-serialization-core-jvm:1.10.0=compileClasspath,testCompileClasspath
org.jetbrains.kotlinx:kotlinx-serialization-core-jvm:1.11.0=runtimeClasspath,testRuntimeClasspath
org.jetbrains.kotlinx:kotlinx-serialization-core-jvm:1.4.1=detekt
org.jetbrains.kotlinx:kotlinx-serialization-core:1.10.0=compileClasspath,testCompileClasspath
org.jetbrains.kotlinx:kotlinx-serialization-core:1.11.0=runtimeClasspath,testRuntimeClasspath
org.jetbrains.kotlinx:kotlinx-serialization-core:1.4.1=detekt
org.jetbrains.kotlinx:kotlinx-serialization-json-io-jvm:1.11.0=runtimeClasspath,testRuntimeClasspath
org.jetbrains.kotlinx:kotlinx-serialization-json-io:1.11.0=runtimeClasspath,testRuntimeClasspath
org.jetbrains.kotlinx:kotlinx-serialization-json-jvm:1.10.0=compileClasspath,testCompileClasspath
org.jetbrains.kotlinx:kotlinx-serialization-json-jvm:1.11.0=runtimeClasspath,testRuntimeClasspath
org.jetbrains.kotlinx:kotlinx-serialization-json-jvm:1.4.1=detekt
org.jetbrains.kotlinx:kotlinx-serialization-json:1.10.0=compileClasspath,testCompileClasspath
org.jetbrains.kotlinx:kotlinx-serialization-json:1.11.0=runtimeClasspath,testRuntimeClasspath
org.jetbrains.kotlinx:kotlinx-serialization-json:1.4.1=detekt
org.jetbrains.kotlinx:kover-jvm-agent:0.9.8=koverJvmAgent,koverJvmReporter
org.jetbrains:annotations:13.0=detekt,kotlinAbiValidationCompatClasspath,kotlinBuildToolsApiClasspath,kotlinCompilerClasspath,kotlinCompilerPluginClasspathMain,kotlinCompilerPluginClasspathTest,kotlinInternalAbiValidation,kotlinKlibCommonizerClasspath
org.jetbrains:annotations:23.0.0=compileClasspath,runtimeClasspath,testCompileClasspath,testRuntimeClasspath
org.jetbrains:markdown-jvm:0.7.0=runtimeClasspath,testRuntimeClasspath
org.jetbrains:markdown:0.7.0=runtimeClasspath,testRuntimeClasspath
org.junit.jupiter:junit-jupiter-api:5.12.2=testCompileClasspath,testRuntimeClasspath
org.junit.jupiter:junit-jupiter-engine:5.12.2=testRuntimeClasspath
org.junit.jupiter:junit-jupiter-params:5.12.2=testCompileClasspath,testRuntimeClasspath
org.junit.jupiter:junit-jupiter:5.12.2=testCompileClasspath,testRuntimeClasspath
org.junit.platform:junit-platform-commons:1.12.2=testCompileClasspath,testRuntimeClasspath
org.junit.platform:junit-platform-engine:1.12.2=testRuntimeClasspath
org.junit.platform:junit-platform-launcher:1.12.2=testRuntimeClasspath
org.junit:junit-bom:5.12.2=testCompileClasspath,testRuntimeClasspath
org.objenesis:objenesis:3.4=testCompileClasspath,testRuntimeClasspath
org.opentest4j:opentest4j:1.3.0=testCompileClasspath,testRuntimeClasspath
org.slf4j:slf4j-api:2.0.17=compileClasspath,testCompileClasspath
org.slf4j:slf4j-api:2.0.18=runtimeClasspath,testRuntimeClasspath
org.snakeyaml:snakeyaml-engine:2.7=detekt
empty=annotationProcessor,detektPlugins,implementationDependenciesMetadata,kotlinCompilerPluginClasspath,kotlinNativeCompilerPluginClasspath,kotlinScriptDefExtensions,koverExternalArtifacts,koverExternalArtifactsJvm,shadow,testAnnotationProcessor,testImplementationDependenciesMetadata,testKotlinScriptDefExtensions
